{
  "name": "graphql-server-core",
  "version": "0.7.3-68",
  "lockfileVersion": 1,
  "requires": true,
  "dependencies": {
    "@types/fibers": {
      "version": "0.0.29",
      "resolved": "https://registry.npmjs.org/@types/fibers/-/fibers-0.0.29.tgz",
      "integrity": "sha1-TIFSCacX7eUFwwQLTjoxp/UjnUk=",
      "dev": true
    },
    "@types/graphql": {
      "version": "0.9.4",
      "resolved": "https://registry.npmjs.org/@types/graphql/-/graphql-0.9.4.tgz",
      "integrity": "sha512-ob2dps4itT/Le5DbxjssBXtBnloDIRUbkgtAvaB42mJ8pVIWMRuURD9WjnhaEGZ4Ql/EryXMQWeU8Y0EU73QLw==",
      "dev": true,
      "optional": true
    },
    "meteor-promise": {
      "version": "0.8.7",
      "resolved": "https://registry.npmjs.org/meteor-promise/-/meteor-promise-0.8.7.tgz",
      "integrity": "sha512-wAu9XI3+35H1YyhTnnk5QXCfdrho5n/0Ltj65DhsUwtFCuktV7hre92FjtJgBbs+RHj5/iZ8Zcbml40EGLcFTQ==",
      "dev": true
    },
    "typescript": {
      "version": "3.8.3",
      "resolved": "http://stghouzz-nodejs.stg:4873/typescript/-/typescript-3.8.3.tgz",
      "integrity": "sha512-MYlEfn5VrLNsgudQTVJeNaQFUAI7DkhnOjdpAp4T+ku1TfQClewlbSuTVHiA+8skNBgaf02TL/kLOvig4y3G8w==",
      "dev": true
    }
  }
}
